
Microsoft Visual Studio Solution File, Format Version 12.00
# Visual Studio 15
VisualStudioVersion = 15.0.26124.0
MinimumVisualStudioVersion = 15.0.26124.0
Project("{FAE04EC0-301F-11D3-BF4B-00C04F79EFBC}") = "Ledger.Crypto", "Ledger.Crypto\Ledger.Crypto.csproj", "{A17F9946-D234-4698-B052-DEB52209EDD5}"
EndProject
Project("{FAE04EC0-301F-11D3-BF4B-00C04F79EFBC}") = "Ledger.Crypto.Test", "Ledger.Crypto.Test\Ledger.Crypto.Test.csproj", "{49D2884C-80C7-48CA-9AEC-DBCFDDA31BA6}"
EndProject
Project("{FAE04EC0-301F-11D3-BF4B-00C04F79EFBC}") = "Leb128", "Leb128\Leb128.csproj", "{31B134E6-6686-4CF7-8259-F944E942E70D}"
EndProject
Project("{FAE04EC0-301F-11D3-BF4B-00C04F79EFBC}") = "Leb128.Test", "Leb128.Test\Leb128.Test.csproj", "{FCCCDFBD-F917-4BB8-95AA-DAD2C2C78F13}"
EndProject
Project("{FAE04EC0-301F-11D3-BF4B-00C04F79EFBC}") = "Ledger.Parser", "Ledger.Parser\Ledger.Parser.csproj", "{6B91A53A-A633-4692-BB90-1FD1EAD45806}"
EndProject
Project("{FAE04EC0-301F-11D3-BF4B-00C04F79EFBC}") = "Ledger.Parser.Test", "Ledger.Parser.Test\Ledger.Parser.Test.csproj", "{0F5C9D94-D555-4643-99E9-06C9C45ADFCB}"
EndProject
Project("{FAE04EC0-301F-11D3-BF4B-00C04F79EFBC}") = "Ledger.Evaluator", "Ledger.Evaluator\Ledger.Evaluator.csproj", "{DF65CECE-55CF-416F-8EE5-CECB3B2FFAFD}"
EndProject
Project("{FAE04EC0-301F-11D3-BF4B-00C04F79EFBC}") = "Ledger.Evaluator.Test", "Ledger.Evaluator.Test\Ledger.Evaluator.Test.csproj", "{83BCD168-84BC-4487-AED0-5DC07E8CB223}"
EndProject
Project("{FAE04EC0-301F-11D3-BF4B-00C04F79EFBC}") = "Ledger.MerkleTree", "Ledger.MerkleTree\Ledger.MerkleTree.csproj", "{993DB361-A231-4168-9F75-DB16C11464D5}"
EndProject
Project("{FAE04EC0-301F-11D3-BF4B-00C04F79EFBC}") = "Ledger.MerkleTree.Test", "Ledger.MerkleTree.Test\Ledger.MerkleTree.Test.csproj", "{5CC78E52-B275-4362-8D04-42FCD6DD18EA}"
EndProject
Project("{FAE04EC0-301F-11D3-BF4B-00C04F79EFBC}") = "Ledger.Parser.Wasm", "Ledger.Parser.Wasm\Ledger.Parser.Wasm.csproj", "{1DE8FDC4-FAF6-453F-87C8-FA578AD7442D}"
EndProject
Project("{FAE04EC0-301F-11D3-BF4B-00C04F79EFBC}") = "Ledger.Wasm.Container", "Ledger.Wasm.Container\Ledger.Wasm.Container.csproj", "{AD6CA527-0F12-4984-9D1E-C90E69D6E848}"
EndProject
Project("{FAE04EC0-301F-11D3-BF4B-00C04F79EFBC}") = "Ledger.Receipt", "Ledger.Receipt\Ledger.Receipt.csproj", "{E37B5F71-FD97-48AB-AD2D-F03F9947EDE4}"
EndProject
Project("{FAE04EC0-301F-11D3-BF4B-00C04F79EFBC}") = "Ledger.Validator", "Ledger.Validator\Ledger.Validator.csproj", "{764EBBAC-41F2-43F2-A543-F1CF816E09ED}"
EndProject
Project("{FAE04EC0-301F-11D3-BF4B-00C04F79EFBC}") = "Traent.Notary.Proof", "Notary.Proof\Traent.Notary.Proof.csproj", "{45D2E587-E22C-4FA2-B06A-1A27D83E7878}"
EndProject
Global
	GlobalSection(SolutionConfigurationPlatforms) = preSolution
		Debug|Any CPU = Debug|Any CPU
		Debug|x64 = Debug|x64
		Debug|x86 = Debug|x86
		Release|Any CPU = Release|Any CPU
		Release|x64 = Release|x64
		Release|x86 = Release|x86
	EndGlobalSection
	GlobalSection(SolutionProperties) = preSolution
		HideSolutionNode = FALSE
	EndGlobalSection
	GlobalSection(ProjectConfigurationPlatforms) = postSolution
		{A17F9946-D234-4698-B052-DEB52209EDD5}.Debug|Any CPU.ActiveCfg = Debug|Any CPU
		{A17F9946-D234-4698-B052-DEB52209EDD5}.Debug|Any CPU.Build.0 = Debug|Any CPU
		{A17F9946-D234-4698-B052-DEB52209EDD5}.Debug|x64.ActiveCfg = Debug|Any CPU
		{A17F9946-D234-4698-B052-DEB52209EDD5}.Debug|x64.Build.0 = Debug|Any CPU
		{A17F9946-D234-4698-B052-DEB52209EDD5}.Debug|x86.ActiveCfg = Debug|Any CPU
		{A17F9946-D234-4698-B052-DEB52209EDD5}.Debug|x86.Build.0 = Debug|Any CPU
		{A17F9946-D234-4698-B052-DEB52209EDD5}.Release|Any CPU.ActiveCfg = Release|Any CPU
		{A17F9946-D234-4698-B052-DEB52209EDD5}.Release|Any CPU.Build.0 = Release|Any CPU
		{A17F9946-D234-4698-B052-DEB52209EDD5}.Release|x64.ActiveCfg = Release|Any CPU
		{A17F9946-D234-4698-B052-DEB52209EDD5}.Release|x64.Build.0 = Release|Any CPU
		{A17F9946-D234-4698-B052-DEB52209EDD5}.Release|x86.ActiveCfg = Release|Any CPU
		{A17F9946-D234-4698-B052-DEB52209EDD5}.Release|x86.Build.0 = Release|Any CPU
		{49D2884C-80C7-48CA-9AEC-DBCFDDA31BA6}.Debug|Any CPU.ActiveCfg = Debug|Any CPU
		{49D2884C-80C7-48CA-9AEC-DBCFDDA31BA6}.Debug|Any CPU.Build.0 = Debug|Any CPU
		{49D2884C-80C7-48CA-9AEC-DBCFDDA31BA6}.Debug|x64.ActiveCfg = Debug|Any CPU
		{49D2884C-80C7-48CA-9AEC-DBCFDDA31BA6}.Debug|x64.Build.0 = Debug|Any CPU
		{49D2884C-80C7-48CA-9AEC-DBCFDDA31BA6}.Debug|x86.ActiveCfg = Debug|Any CPU
		{49D2884C-80C7-48CA-9AEC-DBCFDDA31BA6}.Debug|x86.Build.0 = Debug|Any CPU
		{49D2884C-80C7-48CA-9AEC-DBCFDDA31BA6}.Release|Any CPU.ActiveCfg = Release|Any CPU
		{49D2884C-80C7-48CA-9AEC-DBCFDDA31BA6}.Release|Any CPU.Build.0 = Release|Any CPU
		{49D2884C-80C7-48CA-9AEC-DBCFDDA31BA6}.Release|x64.ActiveCfg = Release|Any CPU
		{49D2884C-80C7-48CA-9AEC-DBCFDDA31BA6}.Release|x64.Build.0 = Release|Any CPU
		{49D2884C-80C7-48CA-9AEC-DBCFDDA31BA6}.Release|x86.ActiveCfg = Release|Any CPU
		{49D2884C-80C7-48CA-9AEC-DBCFDDA31BA6}.Release|x86.Build.0 = Release|Any CPU
		{31B134E6-6686-4CF7-8259-F944E942E70D}.Debug|Any CPU.ActiveCfg = Debug|Any CPU
		{31B134E6-6686-4CF7-8259-F944E942E70D}.Debug|Any CPU.Build.0 = Debug|Any CPU
		{31B134E6-6686-4CF7-8259-F944E942E70D}.Debug|x64.ActiveCfg = Debug|Any CPU
		{31B134E6-6686-4CF7-8259-F944E942E70D}.Debug|x64.Build.0 = Debug|Any CPU
		{31B134E6-6686-4CF7-8259-F944E942E70D}.Debug|x86.ActiveCfg = Debug|Any CPU
		{31B134E6-6686-4CF7-8259-F944E942E70D}.Debug|x86.Build.0 = Debug|Any CPU
		{31B134E6-6686-4CF7-8259-F944E942E70D}.Release|Any CPU.ActiveCfg = Release|Any CPU
		{31B134E6-6686-4CF7-8259-F944E942E70D}.Release|Any CPU.Build.0 = Release|Any CPU
		{31B134E6-6686-4CF7-8259-F944E942E70D}.Release|x64.ActiveCfg = Release|Any CPU
		{31B134E6-6686-4CF7-8259-F944E942E70D}.Release|x64.Build.0 = Release|Any CPU
		{31B134E6-6686-4CF7-8259-F944E942E70D}.Release|x86.ActiveCfg = Release|Any CPU
		{31B134E6-6686-4CF7-8259-F944E942E70D}.Release|x86.Build.0 = Release|Any CPU
		{FCCCDFBD-F917-4BB8-95AA-DAD2C2C78F13}.Debug|Any CPU.ActiveCfg = Debug|Any CPU
		{FCCCDFBD-F917-4BB8-95AA-DAD2C2C78F13}.Debug|Any CPU.Build.0 = Debug|Any CPU
		{FCCCDFBD-F917-4BB8-95AA-DAD2C2C78F13}.Debug|x64.ActiveCfg = Debug|Any CPU
		{FCCCDFBD-F917-4BB8-95AA-DAD2C2C78F13}.Debug|x64.Build.0 = Debug|Any CPU
		{FCCCDFBD-F917-4BB8-95AA-DAD2C2C78F13}.Debug|x86.ActiveCfg = Debug|Any CPU
		{FCCCDFBD-F917-4BB8-95AA-DAD2C2C78F13}.Debug|x86.Build.0 = Debug|Any CPU
		{FCCCDFBD-F917-4BB8-95AA-DAD2C2C78F13}.Release|Any CPU.ActiveCfg = Release|Any CPU
		{FCCCDFBD-F917-4BB8-95AA-DAD2C2C78F13}.Release|Any CPU.Build.0 = Release|Any CPU
		{FCCCDFBD-F917-4BB8-95AA-DAD2C2C78F13}.Release|x64.ActiveCfg = Release|Any CPU
		{FCCCDFBD-F917-4BB8-95AA-DAD2C2C78F13}.Release|x64.Build.0 = Release|Any CPU
		{FCCCDFBD-F917-4BB8-95AA-DAD2C2C78F13}.Release|x86.ActiveCfg = Release|Any CPU
		{FCCCDFBD-F917-4BB8-95AA-DAD2C2C78F13}.Release|x86.Build.0 = Release|Any CPU
		{6B91A53A-A633-4692-BB90-1FD1EAD45806}.Debug|Any CPU.ActiveCfg = Debug|Any CPU
		{6B91A53A-A633-4692-BB90-1FD1EAD45806}.Debug|Any CPU.Build.0 = Debug|Any CPU
		{6B91A53A-A633-4692-BB90-1FD1EAD45806}.Debug|x64.ActiveCfg = Debug|Any CPU
		{6B91A53A-A633-4692-BB90-1FD1EAD45806}.Debug|x64.Build.0 = Debug|Any CPU
		{6B91A53A-A633-4692-BB90-1FD1EAD45806}.Debug|x86.ActiveCfg = Debug|Any CPU
		{6B91A53A-A633-4692-BB90-1FD1EAD45806}.Debug|x86.Build.0 = Debug|Any CPU
		{6B91A53A-A633-4692-BB90-1FD1EAD45806}.Release|Any CPU.ActiveCfg = Release|Any CPU
		{6B91A53A-A633-4692-BB90-1FD1EAD45806}.Release|Any CPU.Build.0 = Release|Any CPU
		{6B91A53A-A633-4692-BB90-1FD1EAD45806}.Release|x64.ActiveCfg = Release|Any CPU
		{6B91A53A-A633-4692-BB90-1FD1EAD45806}.Release|x64.Build.0 = Release|Any CPU
		{6B91A53A-A633-4692-BB90-1FD1EAD45806}.Release|x86.ActiveCfg = Release|Any CPU
		{6B91A53A-A633-4692-BB90-1FD1EAD45806}.Release|x86.Build.0 = Release|Any CPU
		{0F5C9D94-D555-4643-99E9-06C9C45ADFCB}.Debug|Any CPU.ActiveCfg = Debug|Any CPU
		{0F5C9D94-D555-4643-99E9-06C9C45ADFCB}.Debug|Any CPU.Build.0 = Debug|Any CPU
		{0F5C9D94-D555-4643-99E9-06C9C45ADFCB}.Debug|x64.ActiveCfg = Debug|Any CPU
		{0F5C9D94-D555-4643-99E9-06C9C45ADFCB}.Debug|x64.Build.0 = Debug|Any CPU
		{0F5C9D94-D555-4643-99E9-06C9C45ADFCB}.Debug|x86.ActiveCfg = Debug|Any CPU
		{0F5C9D94-D555-4643-99E9-06C9C45ADFCB}.Debug|x86.Build.0 = Debug|Any CPU
		{0F5C9D94-D555-4643-99E9-06C9C45ADFCB}.Release|Any CPU.ActiveCfg = Release|Any CPU
		{0F5C9D94-D555-4643-99E9-06C9C45ADFCB}.Release|Any CPU.Build.0 = Release|Any CPU
		{0F5C9D94-D555-4643-99E9-06C9C45ADFCB}.Release|x64.ActiveCfg = Release|Any CPU
		{0F5C9D94-D555-4643-99E9-06C9C45ADFCB}.Release|x64.Build.0 = Release|Any CPU
		{0F5C9D94-D555-4643-99E9-06C9C45ADFCB}.Release|x86.ActiveCfg = Release|Any CPU
		{0F5C9D94-D555-4643-99E9-06C9C45ADFCB}.Release|x86.Build.0 = Release|Any CPU
		{DF65CECE-55CF-416F-8EE5-CECB3B2FFAFD}.Debug|Any CPU.ActiveCfg = Debug|Any CPU
		{DF65CECE-55CF-416F-8EE5-CECB3B2FFAFD}.Debug|Any CPU.Build.0 = Debug|Any CPU
		{DF65CECE-55CF-416F-8EE5-CECB3B2FFAFD}.Debug|x64.ActiveCfg = Debug|Any CPU
		{DF65CECE-55CF-416F-8EE5-CECB3B2FFAFD}.Debug|x64.Build.0 = Debug|Any CPU
		{DF65CECE-55CF-416F-8EE5-CECB3B2FFAFD}.Debug|x86.ActiveCfg = Debug|Any CPU
		{DF65CECE-55CF-416F-8EE5-CECB3B2FFAFD}.Debug|x86.Build.0 = Debug|Any CPU
		{DF65CECE-55CF-416F-8EE5-CECB3B2FFAFD}.Release|Any CPU.ActiveCfg = Release|Any CPU
		{DF65CECE-55CF-416F-8EE5-CECB3B2FFAFD}.Release|Any CPU.Build.0 = Release|Any CPU
		{DF65CECE-55CF-416F-8EE5-CECB3B2FFAFD}.Release|x64.ActiveCfg = Release|Any CPU
		{DF65CECE-55CF-416F-8EE5-CECB3B2FFAFD}.Release|x64.Build.0 = Release|Any CPU
		{DF65CECE-55CF-416F-8EE5-CECB3B2FFAFD}.Release|x86.ActiveCfg = Release|Any CPU
		{DF65CECE-55CF-416F-8EE5-CECB3B2FFAFD}.Release|x86.Build.0 = Release|Any CPU
		{83BCD168-84BC-4487-AED0-5DC07E8CB223}.Debug|Any CPU.ActiveCfg = Debug|Any CPU
		{83BCD168-84BC-4487-AED0-5DC07E8CB223}.Debug|Any CPU.Build.0 = Debug|Any CPU
		{83BCD168-84BC-4487-AED0-5DC07E8CB223}.Debug|x64.ActiveCfg = Debug|Any CPU
		{83BCD168-84BC-4487-AED0-5DC07E8CB223}.Debug|x64.Build.0 = Debug|Any CPU
		{83BCD168-84BC-4487-AED0-5DC07E8CB223}.Debug|x86.ActiveCfg = Debug|Any CPU
		{83BCD168-84BC-4487-AED0-5DC07E8CB223}.Debug|x86.Build.0 = Debug|Any CPU
		{83BCD168-84BC-4487-AED0-5DC07E8CB223}.Release|Any CPU.ActiveCfg = Release|Any CPU
		{83BCD168-84BC-4487-AED0-5DC07E8CB223}.Release|Any CPU.Build.0 = Release|Any CPU
		{83BCD168-84BC-4487-AED0-5DC07E8CB223}.Release|x64.ActiveCfg = Release|Any CPU
		{83BCD168-84BC-4487-AED0-5DC07E8CB223}.Release|x64.Build.0 = Release|Any CPU
		{83BCD168-84BC-4487-AED0-5DC07E8CB223}.Release|x86.ActiveCfg = Release|Any CPU
		{83BCD168-84BC-4487-AED0-5DC07E8CB223}.Release|x86.Build.0 = Release|Any CPU
		{993DB361-A231-4168-9F75-DB16C11464D5}.Debug|Any CPU.ActiveCfg = Debug|Any CPU
		{993DB361-A231-4168-9F75-DB16C11464D5}.Debug|Any CPU.Build.0 = Debug|Any CPU
		{993DB361-A231-4168-9F75-DB16C11464D5}.Debug|x64.ActiveCfg = Debug|Any CPU
		{993DB361-A231-4168-9F75-DB16C11464D5}.Debug|x64.Build.0 = Debug|Any CPU
		{993DB361-A231-4168-9F75-DB16C11464D5}.Debug|x86.ActiveCfg = Debug|Any CPU
		{993DB361-A231-4168-9F75-DB16C11464D5}.Debug|x86.Build.0 = Debug|Any CPU
		{993DB361-A231-4168-9F75-DB16C11464D5}.Release|Any CPU.ActiveCfg = Release|Any CPU
		{993DB361-A231-4168-9F75-DB16C11464D5}.Release|Any CPU.Build.0 = Release|Any CPU
		{993DB361-A231-4168-9F75-DB16C11464D5}.Release|x64.ActiveCfg = Release|Any CPU
		{993DB361-A231-4168-9F75-DB16C11464D5}.Release|x64.Build.0 = Release|Any CPU
		{993DB361-A231-4168-9F75-DB16C11464D5}.Release|x86.ActiveCfg = Release|Any CPU
		{993DB361-A231-4168-9F75-DB16C11464D5}.Release|x86.Build.0 = Release|Any CPU
		{5CC78E52-B275-4362-8D04-42FCD6DD18EA}.Debug|Any CPU.ActiveCfg = Debug|Any CPU
		{5CC78E52-B275-4362-8D04-42FCD6DD18EA}.Debug|Any CPU.Build.0 = Debug|Any CPU
		{5CC78E52-B275-4362-8D04-42FCD6DD18EA}.Debug|x64.ActiveCfg = Debug|Any CPU
		{5CC78E52-B275-4362-8D04-42FCD6DD18EA}.Debug|x64.Build.0 = Debug|Any CPU
		{5CC78E52-B275-4362-8D04-42FCD6DD18EA}.Debug|x86.ActiveCfg = Debug|Any CPU
		{5CC78E52-B275-4362-8D04-42FCD6DD18EA}.Debug|x86.Build.0 = Debug|Any CPU
		{5CC78E52-B275-4362-8D04-42FCD6DD18EA}.Release|Any CPU.ActiveCfg = Release|Any CPU
		{5CC78E52-B275-4362-8D04-42FCD6DD18EA}.Release|Any CPU.Build.0 = Release|Any CPU
		{5CC78E52-B275-4362-8D04-42FCD6DD18EA}.Release|x64.ActiveCfg = Release|Any CPU
		{5CC78E52-B275-4362-8D04-42FCD6DD18EA}.Release|x64.Build.0 = Release|Any CPU
		{5CC78E52-B275-4362-8D04-42FCD6DD18EA}.Release|x86.ActiveCfg = Release|Any CPU
		{5CC78E52-B275-4362-8D04-42FCD6DD18EA}.Release|x86.Build.0 = Release|Any CPU
		{1DE8FDC4-FAF6-453F-87C8-FA578AD7442D}.Debug|Any CPU.ActiveCfg = Debug|Any CPU
		{1DE8FDC4-FAF6-453F-87C8-FA578AD7442D}.Debug|Any CPU.Build.0 = Debug|Any CPU
		{1DE8FDC4-FAF6-453F-87C8-FA578AD7442D}.Debug|x64.ActiveCfg = Debug|Any CPU
		{1DE8FDC4-FAF6-453F-87C8-FA578AD7442D}.Debug|x64.Build.0 = Debug|Any CPU
		{1DE8FDC4-FAF6-453F-87C8-FA578AD7442D}.Debug|x86.ActiveCfg = Debug|Any CPU
		{1DE8FDC4-FAF6-453F-87C8-FA578AD7442D}.Debug|x86.Build.0 = Debug|Any CPU
		{1DE8FDC4-FAF6-453F-87C8-FA578AD7442D}.Release|Any CPU.ActiveCfg = Release|Any CPU
		{1DE8FDC4-FAF6-453F-87C8-FA578AD7442D}.Release|Any CPU.Build.0 = Release|Any CPU
		{1DE8FDC4-FAF6-453F-87C8-FA578AD7442D}.Release|x64.ActiveCfg = Release|Any CPU
		{1DE8FDC4-FAF6-453F-87C8-FA578AD7442D}.Release|x64.Build.0 = Release|Any CPU
		{1DE8FDC4-FAF6-453F-87C8-FA578AD7442D}.Release|x86.ActiveCfg = Release|Any CPU
		{1DE8FDC4-FAF6-453F-87C8-FA578AD7442D}.Release|x86.Build.0 = Release|Any CPU
		{AD6CA527-0F12-4984-9D1E-C90E69D6E848}.Debug|Any CPU.ActiveCfg = Debug|Any CPU
		{AD6CA527-0F12-4984-9D1E-C90E69D6E848}.Debug|Any CPU.Build.0 = Debug|Any CPU
		{AD6CA527-0F12-4984-9D1E-C90E69D6E848}.Debug|x64.ActiveCfg = Debug|Any CPU
		{AD6CA527-0F12-4984-9D1E-C90E69D6E848}.Debug|x64.Build.0 = Debug|Any CPU
		{AD6CA527-0F12-4984-9D1E-C90E69D6E848}.Debug|x86.ActiveCfg = Debug|Any CPU
		{AD6CA527-0F12-4984-9D1E-C90E69D6E848}.Debug|x86.Build.0 = Debug|Any CPU
		{AD6CA527-0F12-4984-9D1E-C90E69D6E848}.Release|Any CPU.ActiveCfg = Release|Any CPU
		{AD6CA527-0F12-4984-9D1E-C90E69D6E848}.Release|Any CPU.Build.0 = Release|Any CPU
		{AD6CA527-0F12-4984-9D1E-C90E69D6E848}.Release|x64.ActiveCfg = Release|Any CPU
		{AD6CA527-0F12-4984-9D1E-C90E69D6E848}.Release|x64.Build.0 = Release|Any CPU
		{AD6CA527-0F12-4984-9D1E-C90E69D6E848}.Release|x86.ActiveCfg = Release|Any CPU
		{AD6CA527-0F12-4984-9D1E-C90E69D6E848}.Release|x86.Build.0 = Release|Any CPU
		{E37B5F71-FD97-48AB-AD2D-F03F9947EDE4}.Debug|Any CPU.ActiveCfg = Debug|Any CPU
		{E37B5F71-FD97-48AB-AD2D-F03F9947EDE4}.Debug|Any CPU.Build.0 = Debug|Any CPU
		{E37B5F71-FD97-48AB-AD2D-F03F9947EDE4}.Debug|x64.ActiveCfg = Debug|Any CPU
		{E37B5F71-FD97-48AB-AD2D-F03F9947EDE4}.Debug|x64.Build.0 = Debug|Any CPU
		{E37B5F71-FD97-48AB-AD2D-F03F9947EDE4}.Debug|x86.ActiveCfg = Debug|Any CPU
		{E37B5F71-FD97-48AB-AD2D-F03F9947EDE4}.Debug|x86.Build.0 = Debug|Any CPU
		{E37B5F71-FD97-48AB-AD2D-F03F9947EDE4}.Release|Any CPU.ActiveCfg = Release|Any CPU
		{E37B5F71-FD97-48AB-AD2D-F03F9947EDE4}.Release|Any CPU.Build.0 = Release|Any CPU
		{E37B5F71-FD97-48AB-AD2D-F03F9947EDE4}.Release|x64.ActiveCfg = Release|Any CPU
		{E37B5F71-FD97-48AB-AD2D-F03F9947EDE4}.Release|x64.Build.0 = Release|Any CPU
		{E37B5F71-FD97-48AB-AD2D-F03F9947EDE4}.Release|x86.ActiveCfg = Release|Any CPU
		{E37B5F71-FD97-48AB-AD2D-F03F9947EDE4}.Release|x86.Build.0 = Release|Any CPU
		{764EBBAC-41F2-43F2-A543-F1CF816E09ED}.Debug|Any CPU.ActiveCfg = Debug|Any CPU
		{764EBBAC-41F2-43F2-A543-F1CF816E09ED}.Debug|Any CPU.Build.0 = Debug|Any CPU
		{764EBBAC-41F2-43F2-A543-F1CF816E09ED}.Debug|x64.ActiveCfg = Debug|Any CPU
		{764EBBAC-41F2-43F2-A543-F1CF816E09ED}.Debug|x64.Build.0 = Debug|Any CPU
		{764EBBAC-41F2-43F2-A543-F1CF816E09ED}.Debug|x86.ActiveCfg = Debug|Any CPU
		{764EBBAC-41F2-43F2-A543-F1CF816E09ED}.Debug|x86.Build.0 = Debug|Any CPU
		{764EBBAC-41F2-43F2-A543-F1CF816E09ED}.Release|Any CPU.ActiveCfg = Release|Any CPU
		{764EBBAC-41F2-43F2-A543-F1CF816E09ED}.Release|Any CPU.Build.0 = Release|Any CPU
		{764EBBAC-41F2-43F2-A543-F1CF816E09ED}.Release|x64.ActiveCfg = Release|Any CPU
		{764EBBAC-41F2-43F2-A543-F1CF816E09ED}.Release|x64.Build.0 = Release|Any CPU
		{764EBBAC-41F2-43F2-A543-F1CF816E09ED}.Release|x86.ActiveCfg = Release|Any CPU
		{764EBBAC-41F2-43F2-A543-F1CF816E09ED}.Release|x86.Build.0 = Release|Any CPU
		{45D2E587-E22C-4FA2-B06A-1A27D83E7878}.Debug|Any CPU.ActiveCfg = Debug|Any CPU
		{45D2E587-E22C-4FA2-B06A-1A27D83E7878}.Debug|Any CPU.Build.0 = Debug|Any CPU
		{45D2E587-E22C-4FA2-B06A-1A27D83E7878}.Debug|x64.ActiveCfg = Debug|Any CPU
		{45D2E587-E22C-4FA2-B06A-1A27D83E7878}.Debug|x64.Build.0 = Debug|Any CPU
		{45D2E587-E22C-4FA2-B06A-1A27D83E7878}.Debug|x86.ActiveCfg = Debug|Any CPU
		{45D2E587-E22C-4FA2-B06A-1A27D83E7878}.Debug|x86.Build.0 = Debug|Any CPU
		{45D2E587-E22C-4FA2-B06A-1A27D83E7878}.Release|Any CPU.ActiveCfg = Release|Any CPU
		{45D2E587-E22C-4FA2-B06A-1A27D83E7878}.Release|Any CPU.Build.0 = Release|Any CPU
		{45D2E587-E22C-4FA2-B06A-1A27D83E7878}.Release|x64.ActiveCfg = Release|Any CPU
		{45D2E587-E22C-4FA2-B06A-1A27D83E7878}.Release|x64.Build.0 = Release|Any CPU
		{45D2E587-E22C-4FA2-B06A-1A27D83E7878}.Release|x86.ActiveCfg = Release|Any CPU
		{45D2E587-E22C-4FA2-B06A-1A27D83E7878}.Release|x86.Build.0 = Release|Any CPU
	EndGlobalSection
EndGlobal
